# This file is automatically @generated by Cargo.
# It is not intended for manual editing.
version = 4

[[package]]
name = "platform-x86-boot"
version = "0.1.0"

[[package]]
name = "platform-x86-boot-bios"
version = "0.1.0"
dependencies = [
 "platform-x86-boot",
]

[[package]]
name = "platform-x86-boot-bios-start"
version = "0.1.0"
dependencies = [
 "platform-x86-boot-bios",
]
